// !$*UTF8*$!
{
	archiveVersion = 1;
	classes = {
	};
	objectVersion = 48;
	objects = {

/* Begin PBXBuildFile section */
		9811F72B1FA05C69004DAABB /* AppDelegate.swift in Sources */ = {isa = PBXBuildFile; fileRef = 9811F72A1FA05C69004DAABB /* AppDelegate.swift */; };
		9811F72D1FA05C69004DAABB /* ViewController.swift in Sources */ = {isa = PBXBuildFile; fileRef = 9811F72C1FA05C69004DAABB /* ViewController.swift */; };
		9811F7301FA05C69004DAABB /* Main.storyboard in Resources */ = {isa = PBXBuildFile; fileRef = 9811F72E1FA05C69004DAABB /* Main.storyboard */; };
		9811F7321FA05C69004DAABB /* Assets.xcassets in Resources */ = {isa = PBXBuildFile; fileRef = 9811F7311FA05C69004DAABB /* Assets.xcassets */; };
		9811F7351FA05C69004DAABB /* LaunchScreen.storyboard in Resources */ = {isa = PBXBuildFile; fileRef = 9811F7331FA05C69004DAABB /* LaunchScreen.storyboard */; };
/* End PBXBuildFile section */

/* Begin PBXFileReference section */
		9811F7271FA05C69004DAABB /* 1ClickChat.app */ = {isa = PBXFileReference; explicitFileType = wrapper.application; includeInIndex = 0; path = 1ClickChat.app; sourceTree = BUILT_PRODUCTS_DIR; };
		9811F72A1FA05C69004DAABB /* AppDelegate.swift */ = {isa = PBXFileReference; lastKnownFileType = sourcecode.swift; path = AppDelegate.swift; sourceTree = "<group>"; };
		9811F72C1FA05C69004DAABB /* ViewController.swift */ = {isa = PBXFileReference; lastKnownFileType = sourcecode.swift; path = ViewController.swift; sourceTree = "<group>"; };
		9811F72F1FA05C69004DAABB /* Base */ = {isa = PBXFileReference; lastKnownFileType = file.storyboard; name = Base; path = Base.lproj/Main.storyboard; sourceTree = "<group>"; };
		9811F7311FA05C69004DAABB /* Assets.xcassets */ = {isa = PBXFileReference; lastKnownFileType = folder.assetcatalog; path = Assets.xcassets; sourceTree = "<group>"; };
		9811F7341FA05C69004DAABB /* Base */ = {isa = PBXFileReference; lastKnownFileType = file.storyboard; name = Base; path = Base.lproj/LaunchScreen.storyboard; sourceTree = "<group>"; };
		9811F7361FA05C69004DAABB /* Info.plist */ = {isa = PBXFileReference; lastKnownFileType = text.plist.xml; path = Info.plist; sourceTree = "<group>"; };
/* End PBXFileReference section */

/* Begin PBXFrameworksBuildPhase section */
		9811F7241FA05C69004DAABB /* Frameworks */ = {
			isa = PBXFrameworksBuildPhase;
			buildActionMask = 2147483647;
			files = (
			);
			runOnlyForDeploymentPostprocessing = 0;
		};
/* End PBXFrameworksBuildPhase section */

/* Begin PBXGroup section */
		9811F71E1FA05C69004DAABB = {
			isa = PBXGroup;
			children = (
				9811F7291FA05C69004DAABB /* 1ClickChat */,
				9811F7281FA05C69004DAABB /* Products */,
			);
			sourceTree = "<group>";
		};
		9811F7281FA05C69004DAABB /* Products */ = {
			isa = PBXGroup;
			children = (
				9811F7271FA05C69004DAABB /* 1ClickChat.app */,
			);
			name = Products;
			sourceTree = "<group>";
		};
		9811F7291FA05C69004DAABB /* 1ClickChat */ = {
			isa = PBXGroup;
			children = (
				9811F72A1FA05C69004DAABB /* AppDelegate.swift */,
				9811F72C1FA05C69004DAABB /* ViewController.swift */,
				9811F72E1FA05C69004DAABB /* Main.storyboard */,
				9811F7311FA05C69004DAABB /* Assets.xcassets */,
				9811F7331FA05C69004DAABB /* LaunchScreen.storyboard */,
				9811F7361FA05C69004DAABB /* Info.plist */,
			);
			path = 1ClickChat;
			sourceTree = "<group>";
		};
/* End PBXGroup section */

/* Begin PBXNativeTarget section */
		9811F7261FA05C69004DAABB /* 1ClickChat */ = {
			isa = PBXNativeTarget;
			buildConfigurationList = 9811F7391FA05C69004DAABB /* Build configuration list for PBXNativeTarget "1ClickChat" */;
			buildPhases = (
				9811F7231FA05C69004DAABB /* Sources */,
				9811F7241FA05C69004DAABB /* Frameworks */,
				9811F7251FA05C69004DAABB /* Resources */,
			);
			buildRules = (
			);
			dependencies = (
			);
			name = 1ClickChat;
			productName = 1ClickChat;
			productReference = 9811F7271FA05C69004DAABB /* 1ClickChat.app */;
			productType = "com.apple.product-type.application";
		};
/* End PBXNativeTarget section */

/* Begin PBXProject section */
		9811F71F1FA05C69004DAABB /* Project object */ = {
			isa = PBXProject;
			attributes = {
				LastSwiftUpdateCheck = 0900;
				LastUpgradeCheck = 0900;
				ORGANIZATIONNAME = "Digital Circus Inc.";
				TargetAttributes = {
					9811F7261FA05C69004DAABB = {
						CreatedOnToolsVersion = 9.0;
						ProvisioningStyle = Automatic;
					};
				};
			};
			buildConfigurationList = 9811F7221FA05C69004DAABB /* Build configuration list for PBXProject "1ClickChat" */;
			compatibilityVersion = "Xcode 8.0";
			developmentRegion = en;
			hasScannedForEncodings = 0;
			knownRegions = (
				en,
				Base,
			);
			mainGroup = 9811F71E1FA05C69004DAABB;
			productRefGroup = 9811F7281FA05C69004DAABB /* Products */;
			projectDirPath = "";
			projectRoot = "";
			targets = (
				9811F7261FA05C69004DAABB /* 1ClickChat */,
			);
		};
/* End PBXProject section */

/* Begin PBXResourcesBuildPhase section */
		9811F7251FA05C69004DAABB /* Resources */ = {
			isa = PBXResourcesBuildPhase;
			buildActionMask = 2147483647;
			files = (
				9811F7351FA05C69004DAABB /* LaunchScreen.storyboard in Resources */,
				9811F7321FA05C69004DAABB /* Assets.xcassets in Resources */,
				9811F7301FA05C69004DAABB /* Main.storyboard in Resources */,
			);
			runOnlyForDeploymentPostprocessing = 0;
		};
/* End PBXResourcesBuildPhase section */

/* Begin PBXSourcesBuildPhase section */
		9811F7231FA05C69004DAABB /* Sources */ = {
			isa = PBXSourcesBuildPhase;
			buildActionMask = 2147483647;
			files = (
				9811F72D1FA05C69004DAABB /* ViewController.swift in Sources */,
				9811F72B1FA05C69004DAABB /* AppDelegate.swift in Sources */,
			);
			runOnlyForDeploymentPostprocessing = 0;
		};
/* End PBXSourcesBuildPhase section */

/* Begin PBXVariantGroup section */
		9811F72E1FA05C69004DAABB /* Main.storyboard */ = {
			isa = PBXVariantGroup;
			children = (
				9811F72F1FA05C69004DAABB /* Base */,
			);
			name = Main.storyboard;
			sourceTree = "<group>";
		};
		9811F7331FA05C69004DAABB /* LaunchScreen.storyboard */ = {
			isa = PBXVariantGroup;
			children = (
				9811F7341FA05C69004DAABB /* Base */,
			);
			name = LaunchScreen.storyboard;
			sourceTree = "<group>";
		};
/* End PBXVariantGroup section */

/* Begin XCBuildConfiguration section */
		9811F7371FA05C69004DAABB /* Debug */ = {
			isa = XCBuildConfiguration;
			buildSettings = {
				ALWAYS_SEARCH_USER_PATHS = NO;
				CLANG_ANALYZER_NONNULL = YES;
				CLANG_ANALYZER_NUMBER_OBJECT_CONVERSION = YES_AGGRESSIVE;
				CLANG_CXX_LANGUAGE_STANDARD = "gnu++14";
				CLANG_CXX_LIBRARY = "libc++";
				CLANG_ENABLE_MODULES = YES;
				CLANG_ENABLE_OBJC_ARC = YES;
				CLANG_WARN_BLOCK_CAPTURE_AUTORELEASING = YES;
				CLANG_WARN_BOOL_CONVERSION = YES;
				CLANG_WARN_COMMA = YES;
				CLANG_WARN_CONSTANT_CONVERSION = YES;
				CLANG_WARN_DIRECT_OBJC_ISA_USAGE = YES_ERROR;
				CLANG_WARN_DOCUMENTATION_COMMENTS = YES;
				CLANG_WARN_EMPTY_BODY = YES;
				CLANG_WARN_ENUM_CONVERSION = YES;
				CLANG_WARN_INFINITE_RECURSION = YES;
				CLANG_WARN_INT_CONVERSION = YES;
				CLANG_WARN_NON_LITERAL_NULL_CONVERSION = YES;
				CLANG_WARN_OBJC_LITERAL_CONVERSION = YES;
				CLANG_WARN_OBJC_ROOT_CLASS = YES_ERROR;
				CLANG_WARN_RANGE_LOOP_ANALYSIS = YES;
				CLANG_WARN_STRICT_PROTOTYPES = YES;
				CLANG_WARN_SUSPICIOUS_MOVE = YES;
				CLANG_WARN_UNGUARDED_AVAILABILITY = YES_AGGRESSIVE;
				CLANG_WARN_UNREACHABLE_CODE = YES;
				CLANG_WARN__DUPLICATE_METHOD_MATCH = YES;
				CODE_SIGN_IDENTITY = "iPhone Developer";
				COPY_PHASE_STRIP = NO;
				DEBUG_INFORMATION_FORMAT = dwarf;
				ENABLE_STRICT_OBJC_MSGSEND = YES;
				ENABLE_TESTABILITY = YES;
				GCC_C_LANGUAGE_STANDARD = gnu11;
				GCC_DYNAMIC_NO_PIC = NO;
				GCC_NO_COMMON_BLOCKS = YES;
				GCC_OPTIMIZATION_LEVEL = 0;
				GCC_PREPROCESSOR_DEFINITIONS = (
					"DEBUG=1",
					"$(inherited)",
				);
				GCC_WARN_64_TO_32_BIT_CONVERSION = YES;
				GCC_WARN_ABOUT_RETURN_TYPE = YES_ERROR;
				GCC_WARN_UNDECLARED_SELECTOR = YES;
				GCC_WARN_UNINITIALIZED_AUTOS = YES_AGGRESSIVE;
				GCC_WARN_UNUSED_FUNCTION = YES;
				GCC_WARN_UNUSED_VARIABLE = YES;
				IPHONEOS_DEPLOYMENT_TARGET = 11.0;
				MTL_ENABLE_DEBUG_INFO = YES;
				ONLY_ACTIVE_ARCH = YES;
				SDKROOT = iphoneos;
				SWIFT_ACTIVE_COMPILATION_CONDITIONS = DEBUG;
				SWIFT_OPTIMIZATION_LEVEL = "-Onone";
			};
			name = Debug;
		};
		9811F7381FA05C69004DAABB /* Release */ = {
			isa = XCBuildConfiguration;
			buildSettings = {
				ALWAYS_SEARCH_USER_PATHS = NO;
				CLANG_ANALYZER_NONNULL = YES;
				CLANG_ANALYZER_NUMBER_OBJECT_CONVERSION = YES_AGGRESSIVE;
				CLANG_CXX_LANGUAGE_STANDARD = "gnu++14";
				CLANG_CXX_LIBRARY = "libc++";
				CLANG_ENABLE_MODULES = YES;
				CLANG_ENABLE_OBJC_ARC = YES;
				CLANG_WARN_BLOCK_CAPTURE_AUTORELEASING = YES;
				CLANG_WARN_BOOL_CONVERSION = YES;
				CLANG_WARN_COMMA = YES;
				CLANG_WARN_CONSTANT_CONVERSION = YES;
				CLANG_WARN_DIRECT_OBJC_ISA_USAGE = YES_ERROR;
				CLANG_WARN_DOCUMENTATION_COMMENTS = YES;
				CLANG_WARN_EMPTY_BODY = YES;
				CLANG_WARN_ENUM_CONVERSION = YES;
				CLANG_WARN_INFINITE_RECURSION = YES;
				CLANG_WARN_INT_CONVERSION = YES;
				CLANG_WARN_NON_LITERAL_NULL_CONVERSION = YES;
				CLANG_WARN_OBJC_LITERAL_CONVERSION = YES;
				CLANG_WARN_OBJC_ROOT_CLASS = YES_ERROR;
				CLANG_WARN_RANGE_LOOP_ANALYSIS = YES;
				CLANG_WARN_STRICT_PROTOTYPES = YES;
				CLANG_WARN_SUSPICIOUS_MOVE = YES;
				CLANG_WARN_UNGUARDED_AVAILABILITY = YES_AGGRESSIVE;
				CLANG_WARN_UNREACHABLE_CODE = YES;
				CLANG_WARN__DUPLICATE_METHOD_MATCH = YES;
				CODE_SIGN_IDENTITY = "iPhone Developer";
				COPY_PHASE_STRIP = NO;
				DEBUG_INFORMATION_FORMAT = "dwarf-with-dsym";
				ENABLE_NS_ASSERTIONS = NO;
				ENABLE_STRICT_OBJC_MSGSEND = YES;
				GCC_C_LANGUAGE_STANDARD = gnu11;
				GCC_NO_COMMON_BLOCKS = YES;
				GCC_WARN_64_TO_32_BIT_CONVERSION = YES;
				GCC_WARN_ABOUT_RETURN_TYPE = YES_ERROR;
				GCC_WARN_UNDECLARED_SELECTOR = YES;
				GCC_WARN_UNINITIALIZED_AUTOS = YES_AGGRESSIVE;
				GCC_WARN_UNUSED_FUNCTION = YES;
				GCC_WARN_UNUSED_VARIABLE = YES;
				IPHONEOS_DEPLOYMENT_TARGET = 11.0;
				MTL_ENABLE_DEBUG_INFO = NO;
				SDKROOT = iphoneos;
				SWIFT_OPTIMIZATION_LEVEL = "-Owholemodule";
				VALIDATE_PRODUCT = YES;
			};
			name = Release;
		};
		9811F73A1FA05C69004DAABB /* Debug */ = {
			isa = XCBuildConfiguration;
			buildSettings = {
				ASSETCATALOG_COMPILER_APPICON_NAME = AppIcon;
				CODE_SIGN_STYLE = Automatic;
				INFOPLIST_FILE = 1ClickChat/Info.plist;
				LD_RUNPATH_SEARCH_PATHS = "$(inherited) @executable_path/Frameworks";
				PRODUCT_BUNDLE_IDENTIFIER = "com.example.-ClickChat";
				PRODUCT_NAME = "$(TARGET_NAME)";
				SWIFT_VERSION = 4.0;
				TARGETED_DEVICE_FAMILY = "1,2";
			};
			name = Debug;
		};
		9811F73B1FA05C69004DAABB /* Release */ = {
			isa = XCBuildConfiguration;
			buildSettings = {
				ASSETCATALOG_COMPILER_APPICON_NAME = AppIcon;
				CODE_SIGN_STYLE = Automatic;
				INFOPLIST_FILE = 1ClickChat/Info.plist;
				LD_RUNPATH_SEARCH_PATHS = "$(inherited) @executable_path/Frameworks";
				PRODUCT_BUNDLE_IDENTIFIER = "com.example.-ClickChat";
				PRODUCT_NAME = "$(TARGET_NAME)";
				SWIFT_VERSION = 4.0;
				TARGETED_DEVICE_FAMILY = "1,2";
			};
			name = Release;
		};
/* End XCBuildConfiguration section */

/* Begin XCConfigurationList section */
		9811F7221FA05C69004DAABB /* Build configuration list for PBXProject "1ClickChat" */ = {
			isa = XCConfigurationList;
			buildConfigurations = (
				9811F7371FA05C69004DAABB /* Debug */,
				9811F7381FA05C69004DAABB /* Release */,
			);
			defaultConfigurationIsVisible = 0;
			defaultConfigurationName = Release;
		};
		9811F7391FA05C69004DAABB /* Build configuration list for PBXNativeTarget "1ClickChat" */ = {
			isa = XCConfigurationList;
			buildConfigurations = (
				9811F73A1FA05C69004DAABB /* Debug */,
				9811F73B1FA05C69004DAABB /* Release */,
			);
			defaultConfigurationIsVisible = 0;
			defaultConfigurationName = Release;
		};
/* End XCConfigurationList section */
	};
	rootObject = 9811F71F1FA05C69004DAABB /* Project object */;
}
